{
	"name": "weiboMiniProgram",
	"version": "1.0.0",
	"lockfileVersion": 1,
	"requires": true,
	"dependencies": {
		"wbox-typings": {
			"version": "http://wbox.client.weibo.cn/static/wbox-typings-0.0.1.tgz",
			"integrity": "sha512-/LgY0TQiopQqs/Owwfa4BgRRx/C9FJ97xSM/Ojty2QlaCxc6rIKCxrZCRStHDtOvEDVK+530ZrQoMLfu3LUqXw==",
			"dev": true
		}
	}
}
